// !$*UTF8*$!
{
	archiveVersion = 1;
	classes = {
	};
	objectVersion = 56;
	objects = {

/* Begin PBXBuildFile section */
		3F172C012B0DF2E900A46DCC /* Country.swift in Sources */ = {isa = PBXBuildFile; fileRef = 3F172C002B0DF2E900A46DCC /* Country.swift */; };
		3F172C032B0E133100A46DCC /* DetailsViewController.swift in Sources */ = {isa = PBXBuildFile; fileRef = 3F172C022B0E133100A46DCC /* DetailsViewController.swift */; };
		3FECF1EB2B0DEC2B00BB806F /* AppDelegate.swift in Sources */ = {isa = PBXBuildFile; fileRef = 3FECF1EA2B0DEC2B00BB806F /* AppDelegate.swift */; };
		3FECF1ED2B0DEC2B00BB806F /* SceneDelegate.swift in Sources */ = {isa = PBXBuildFile; fileRef = 3FECF1EC2B0DEC2B00BB806F /* SceneDelegate.swift */; };
		3FECF1EF2B0DEC2B00BB806F /* ViewController.swift in Sources */ = {isa = PBXBuildFile; fileRef = 3FECF1EE2B0DEC2B00BB806F /* ViewController.swift */; };
		3FECF1F22B0DEC2B00BB806F /* Main.storyboard in Resources */ = {isa = PBXBuildFile; fileRef = 3FECF1F02B0DEC2B00BB806F /* Main.storyboard */; };
		3FECF1F42B0DEC2C00BB806F /* Assets.xcassets in Resources */ = {isa = PBXBuildFile; fileRef = 3FECF1F32B0DEC2C00BB806F /* Assets.xcassets */; };
		3FECF1F72B0DEC2C00BB806F /* LaunchScreen.storyboard in Resources */ = {isa = PBXBuildFile; fileRef = 3FECF1F52B0DEC2C00BB806F /* LaunchScreen.storyboard */; };
		9DF027889A45F2F16A7F0789 /* Pods_TechnicalAssessment.framework in Frameworks */ = {isa = PBXBuildFile; fileRef = 17E65649FDDF4BE2686952A1 /* Pods_TechnicalAssessment.framework */; };
/* End PBXBuildFile section */

/* Begin PBXFileReference section */
		17E65649FDDF4BE2686952A1 /* Pods_TechnicalAssessment.framework */ = {isa = PBXFileReference; explicitFileType = wrapper.framework; includeInIndex = 0; path = Pods_TechnicalAssessment.framework; sourceTree = BUILT_PRODUCTS_DIR; };
		3F172C002B0DF2E900A46DCC /* Country.swift */ = {isa = PBXFileReference; lastKnownFileType = sourcecode.swift; path = Country.swift; sourceTree = "<group>"; };
		3F172C022B0E133100A46DCC /* DetailsViewController.swift */ = {isa = PBXFileReference; lastKnownFileType = sourcecode.swift; path = DetailsViewController.swift; sourceTree = "<group>"; };
		3FECF1E72B0DEC2B00BB806F /* TechnicalAssessment.app */ = {isa = PBXFileReference; explicitFileType = wrapper.application; includeInIndex = 0; path = TechnicalAssessment.app; sourceTree = BUILT_PRODUCTS_DIR; };
		3FECF1EA2B0DEC2B00BB806F /* AppDelegate.swift */ = {isa = PBXFileReference; lastKnownFileType = sourcecode.swift; path = AppDelegate.swift; sourceTree = "<group>"; };
		3FECF1EC2B0DEC2B00BB806F /* SceneDelegate.swift */ = {isa = PBXFileReference; lastKnownFileType = sourcecode.swift; path = SceneDelegate.swift; sourceTree = "<group>"; };
		3FECF1EE2B0DEC2B00BB806F /* ViewController.swift */ = {isa = PBXFileReference; lastKnownFileType = sourcecode.swift; path = ViewController.swift; sourceTree = "<group>"; };
		3FECF1F12B0DEC2B00BB806F /* Base */ = {isa = PBXFileReference; lastKnownFileType = file.storyboard; name = Base; path = Base.lproj/Main.storyboard; sourceTree = "<group>"; };
		3FECF1F32B0DEC2C00BB806F /* Assets.xcassets */ = {isa = PBXFileReference; lastKnownFileType = folder.assetcatalog; path = Assets.xcassets; sourceTree = "<group>"; };
		3FECF1F62B0DEC2C00BB806F /* Base */ = {isa = PBXFileReference; lastKnownFileType = file.storyboard; name = Base; path = Base.lproj/LaunchScreen.storyboard; sourceTree = "<group>"; };
		3FECF1F82B0DEC2C00BB806F /* Info.plist */ = {isa = PBXFileReference; lastKnownFileType = text.plist.xml; path = Info.plist; sourceTree = "<group>"; };
		467D616C3F3C63027991DFEA /* Pods-TechnicalAssessment.release.xcconfig */ = {isa = PBXFileReference; includeInIndex = 1; lastKnownFileType = text.xcconfig; name = "Pods-TechnicalAssessment.release.xcconfig"; path = "Target Support Files/Pods-TechnicalAssessment/Pods-TechnicalAssessment.release.xcconfig"; sourceTree = "<group>"; };
		CD0A53954011F036A5B457D8 /* Pods-TechnicalAssessment.debug.xcconfig */ = {isa = PBXFileReference; includeInIndex = 1; lastKnownFileType = text.xcconfig; name = "Pods-TechnicalAssessment.debug.xcconfig"; path = "Target Support Files/Pods-TechnicalAssessment/Pods-TechnicalAssessment.debug.xcconfig"; sourceTree = "<group>"; };
/* End PBXFileReference section */

/* Begin PBXFrameworksBuildPhase section */
		3FECF1E42B0DEC2B00BB806F /* Frameworks */ = {
			isa = PBXFrameworksBuildPhase;
			buildActionMask = 2147483647;
			files = (
				9DF027889A45F2F16A7F0789 /* Pods_TechnicalAssessment.framework in Frameworks */,
			);
			runOnlyForDeploymentPostprocessing = 0;
		};
/* End PBXFrameworksBuildPhase section */

/* Begin PBXGroup section */
		38FD110F79BAB3C85839770D /* Frameworks */ = {
			isa = PBXGroup;
			children = (
				17E65649FDDF4BE2686952A1 /* Pods_TechnicalAssessment.framework */,
			);
			name = Frameworks;
			sourceTree = "<group>";
		};
		3ADFB57F605D27F4ABE6C92F /* Pods */ = {
			isa = PBXGroup;
			children = (
				CD0A53954011F036A5B457D8 /* Pods-TechnicalAssessment.debug.xcconfig */,
				467D616C3F3C63027991DFEA /* Pods-TechnicalAssessment.release.xcconfig */,
			);
			path = Pods;
			sourceTree = "<group>";
		};
		3FECF1DE2B0DEC2B00BB806F = {
			isa = PBXGroup;
			children = (
				3FECF1E92B0DEC2B00BB806F /* TechnicalAssessment */,
				3FECF1E82B0DEC2B00BB806F /* Products */,
				3ADFB57F605D27F4ABE6C92F /* Pods */,
				38FD110F79BAB3C85839770D /* Frameworks */,
			);
			sourceTree = "<group>";
		};
		3FECF1E82B0DEC2B00BB806F /* Products */ = {
			isa = PBXGroup;
			children = (
				3FECF1E72B0DEC2B00BB806F /* TechnicalAssessment.app */,
			);
			name = Products;
			sourceTree = "<group>";
		};
		3FECF1E92B0DEC2B00BB806F /* TechnicalAssessment */ = {
			isa = PBXGroup;
			children = (
				3FECF1EA2B0DEC2B00BB806F /* AppDelegate.swift */,
				3FECF1EC2B0DEC2B00BB806F /* SceneDelegate.swift */,
				3FECF1EE2B0DEC2B00BB806F /* ViewController.swift */,
				3F172C022B0E133100A46DCC /* DetailsViewController.swift */,
				3FECF1F02B0DEC2B00BB806F /* Main.storyboard */,
				3FECF1F32B0DEC2C00BB806F /* Assets.xcassets */,
				3FECF1F52B0DEC2C00BB806F /* LaunchScreen.storyboard */,
				3FECF1F82B0DEC2C00BB806F /* Info.plist */,
				3F172C002B0DF2E900A46DCC /* Country.swift */,
			);
			path = TechnicalAssessment;
			sourceTree = "<group>";
		};
/* End PBXGroup section */

/* Begin PBXNativeTarget section */
		3FECF1E62B0DEC2B00BB806F /* TechnicalAssessment */ = {
			isa = PBXNativeTarget;
			buildConfigurationList = 3FECF1FB2B0DEC2C00BB806F /* Build configuration list for PBXNativeTarget "TechnicalAssessment" */;
			buildPhases = (
				B4969D5B0DFDC0EACB817775 /* [CP] Check Pods Manifest.lock */,
				3FECF1E32B0DEC2B00BB806F /* Sources */,
				3FECF1E42B0DEC2B00BB806F /* Frameworks */,
				3FECF1E52B0DEC2B00BB806F /* Resources */,
				9ACC6DFF8C5392D57FFAC7C6 /* [CP] Embed Pods Frameworks */,
			);
			buildRules = (
			);
			dependencies = (
			);
			name = TechnicalAssessment;
			productName = TechnicalAssessment;
			productReference = 3FECF1E72B0DEC2B00BB806F /* TechnicalAssessment.app */;
			productType = "com.apple.product-type.application";
		};
/* End PBXNativeTarget section */

/* Begin PBXProject section */
		3FECF1DF2B0DEC2B00BB806F /* Project object */ = {
			isa = PBXProject;
			attributes = {
				BuildIndependentTargetsInParallel = 1;
				LastSwiftUpdateCheck = 1500;
				LastUpgradeCheck = 1500;
				TargetAttributes = {
					3FECF1E62B0DEC2B00BB806F = {
						CreatedOnToolsVersion = 15.0;
					};
				};
			};
			buildConfigurationList = 3FECF1E22B0DEC2B00BB806F /* Build configuration list for PBXProject "TechnicalAssessment" */;
			compatibilityVersion = "Xcode 14.0";
			developmentRegion = en;
			hasScannedForEncodings = 0;
			knownRegions = (
				en,
				Base,
			);
			mainGroup = 3FECF1DE2B0DEC2B00BB806F;
			productRefGroup = 3FECF1E82B0DEC2B00BB806F /* Products */;
			projectDirPath = "";
			projectRoot = "";
			targets = (
				3FECF1E62B0DEC2B00BB806F /* TechnicalAssessment */,
			);
		};
/* End PBXProject section */

/* Begin PBXResourcesBuildPhase section */
		3FECF1E52B0DEC2B00BB806F /* Resources */ = {
			isa = PBXResourcesBuildPhase;
			buildActionMask = 2147483647;
			files = (
				3FECF1F72B0DEC2C00BB806F /* LaunchScreen.storyboard in Resources */,
				3FECF1F42B0DEC2C00BB806F /* Assets.xcassets in Resources */,
				3FECF1F22B0DEC2B00BB806F /* Main.storyboard in Resources */,
			);
			runOnlyForDeploymentPostprocessing = 0;
		};
/* End PBXResourcesBuildPhase section */

/* Begin PBXShellScriptBuildPhase section */
		9ACC6DFF8C5392D57FFAC7C6 /* [CP] Embed Pods Frameworks */ = {
			isa = PBXShellScriptBuildPhase;
			buildActionMask = 2147483647;
			files = (
			);
			inputFileListPaths = (
				"${PODS_ROOT}/Target Support Files/Pods-TechnicalAssessment/Pods-TechnicalAssessment-frameworks-${CONFIGURATION}-input-files.xcfilelist",
			);
			name = "[CP] Embed Pods Frameworks";
			outputFileListPaths = (
				"${PODS_ROOT}/Target Support Files/Pods-TechnicalAssessment/Pods-TechnicalAssessment-frameworks-${CONFIGURATION}-output-files.xcfilelist",
			);
			runOnlyForDeploymentPostprocessing = 0;
			shellPath = /bin/sh;
			shellScript = "\"${PODS_ROOT}/Target Support Files/Pods-TechnicalAssessment/Pods-TechnicalAssessment-frameworks.sh\"\n";
			showEnvVarsInLog = 0;
		};
		B4969D5B0DFDC0EACB817775 /* [CP] Check Pods Manifest.lock */ = {
			isa = PBXShellScriptBuildPhase;
			buildActionMask = 2147483647;
			files = (
			);
			inputFileListPaths = (
			);
			inputPaths = (
				"${PODS_PODFILE_DIR_PATH}/Podfile.lock",
				"${PODS_ROOT}/Manifest.lock",
			);
			name = "[CP] Check Pods Manifest.lock";
			outputFileListPaths = (
			);
			outputPaths = (
				"$(DERIVED_FILE_DIR)/Pods-TechnicalAssessment-checkManifestLockResult.txt",
			);
			runOnlyForDeploymentPostprocessing = 0;
			shellPath = /bin/sh;
			shellScript = "diff \"${PODS_PODFILE_DIR_PATH}/Podfile.lock\" \"${PODS_ROOT}/Manifest.lock\" > /dev/null\nif [ $? != 0 ] ; then\n    # print error to STDERR\n    echo \"error: The sandbox is not in sync with the Podfile.lock. Run 'pod install' or update your CocoaPods installation.\" >&2\n    exit 1\nfi\n# This output is used by Xcode 'outputs' to avoid re-running this script phase.\necho \"SUCCESS\" > \"${SCRIPT_OUTPUT_FILE_0}\"\n";
			showEnvVarsInLog = 0;
		};
/* End PBXShellScriptBuildPhase section */

/* Begin PBXSourcesBuildPhase section */
		3FECF1E32B0DEC2B00BB806F /* Sources */ = {
			isa = PBXSourcesBuildPhase;
			buildActionMask = 2147483647;
			files = (
				3FECF1EF2B0DEC2B00BB806F /* ViewController.swift in Sources */,
				3F172C012B0DF2E900A46DCC /* Country.swift in Sources */,
				3FECF1EB2B0DEC2B00BB806F /* AppDelegate.swift in Sources */,
				3FECF1ED2B0DEC2B00BB806F /* SceneDelegate.swift in Sources */,
				3F172C032B0E133100A46DCC /* DetailsViewController.swift in Sources */,
			);
			runOnlyForDeploymentPostprocessing = 0;
		};
/* End PBXSourcesBuildPhase section */

/* Begin PBXVariantGroup section */
		3FECF1F02B0DEC2B00BB806F /* Main.storyboard */ = {
			isa = PBXVariantGroup;
			children = (
				3FECF1F12B0DEC2B00BB806F /* Base */,
			);
			name = Main.storyboard;
			sourceTree = "<group>";
		};
		3FECF1F52B0DEC2C00BB806F /* LaunchScreen.storyboard */ = {
			isa = PBXVariantGroup;
			children = (
				3FECF1F62B0DEC2C00BB806F /* Base */,
			);
			name = LaunchScreen.storyboard;
			sourceTree = "<group>";
		};
/* End PBXVariantGroup section */

/* Begin XCBuildConfiguration section */
		3FECF1F92B0DEC2C00BB806F /* Debug */ = {
			isa = XCBuildConfiguration;
			buildSettings = {
				ALWAYS_SEARCH_USER_PATHS = NO;
				ASSETCATALOG_COMPILER_GENERATE_SWIFT_ASSET_SYMBOL_EXTENSIONS = YES;
				CLANG_ANALYZER_NONNULL = YES;
				CLANG_ANALYZER_NUMBER_OBJECT_CONVERSION = YES_AGGRESSIVE;
				CLANG_CXX_LANGUAGE_STANDARD = "gnu++20";
				CLANG_ENABLE_MODULES = YES;
				CLANG_ENABLE_OBJC_ARC = YES;
				CLANG_ENABLE_OBJC_WEAK = YES;
				CLANG_WARN_BLOCK_CAPTURE_AUTORELEASING = YES;
				CLANG_WARN_BOOL_CONVERSION = YES;
				CLANG_WARN_COMMA = YES;
				CLANG_WARN_CONSTANT_CONVERSION = YES;
				CLANG_WARN_DEPRECATED_OBJC_IMPLEMENTATIONS = YES;
				CLANG_WARN_DIRECT_OBJC_ISA_USAGE = YES_ERROR;
				CLANG_WARN_DOCUMENTATION_COMMENTS = YES;
				CLANG_WARN_EMPTY_BODY = YES;
				CLANG_WARN_ENUM_CONVERSION = YES;
				CLANG_WARN_INFINITE_RECURSION = YES;
				CLANG_WARN_INT_CONVERSION = YES;
				CLANG_WARN_NON_LITERAL_NULL_CONVERSION = YES;
				CLANG_WARN_OBJC_IMPLICIT_RETAIN_SELF = YES;
				CLANG_WARN_OBJC_LITERAL_CONVERSION = YES;
				CLANG_WARN_OBJC_ROOT_CLASS = YES_ERROR;
				CLANG_WARN_QUOTED_INCLUDE_IN_FRAMEWORK_HEADER = YES;
				CLANG_WARN_RANGE_LOOP_ANALYSIS = YES;
				CLANG_WARN_STRICT_PROTOTYPES = YES;
				CLANG_WARN_SUSPICIOUS_MOVE = YES;
				CLANG_WARN_UNGUARDED_AVAILABILITY = YES_AGGRESSIVE;
				CLANG_WARN_UNREACHABLE_CODE = YES;
				CLANG_WARN__DUPLICATE_METHOD_MATCH = YES;
				COPY_PHASE_STRIP = NO;
				DEBUG_INFORMATION_FORMAT = dwarf;
				ENABLE_STRICT_OBJC_MSGSEND = YES;
				ENABLE_TESTABILITY = YES;
				ENABLE_USER_SCRIPT_SANDBOXING = NO;
				GCC_C_LANGUAGE_STANDARD = gnu17;
				GCC_DYNAMIC_NO_PIC = NO;
				GCC_NO_COMMON_BLOCKS = YES;
				GCC_OPTIMIZATION_LEVEL = 0;
				GCC_PREPROCESSOR_DEFINITIONS = (
					"DEBUG=1",
					"$(inherited)",
				);
				GCC_WARN_64_TO_32_BIT_CONVERSION = YES;
				GCC_WARN_ABOUT_RETURN_TYPE = YES_ERROR;
				GCC_WARN_UNDECLARED_SELECTOR = YES;
				GCC_WARN_UNINITIALIZED_AUTOS = YES_AGGRESSIVE;
				GCC_WARN_UNUSED_FUNCTION = YES;
				GCC_WARN_UNUSED_VARIABLE = YES;
				IPHONEOS_DEPLOYMENT_TARGET = 17.0;
				LOCALIZATION_PREFERS_STRING_CATALOGS = YES;
				MTL_ENABLE_DEBUG_INFO = INCLUDE_SOURCE;
				MTL_FAST_MATH = YES;
				ONLY_ACTIVE_ARCH = YES;
				SDKROOT = iphoneos;
				SWIFT_ACTIVE_COMPILATION_CONDITIONS = "DEBUG $(inherited)";
				SWIFT_OPTIMIZATION_LEVEL = "-Onone";
			};
			name = Debug;
		};
		3FECF1FA2B0DEC2C00BB806F /* Release */ = {
			isa = XCBuildConfiguration;
			buildSettings = {
				ALWAYS_SEARCH_USER_PATHS = NO;
				ASSETCATALOG_COMPILER_GENERATE_SWIFT_ASSET_SYMBOL_EXTENSIONS = YES;
				CLANG_ANALYZER_NONNULL = YES;
				CLANG_ANALYZER_NUMBER_OBJECT_CONVERSION = YES_AGGRESSIVE;
				CLANG_CXX_LANGUAGE_STANDARD = "gnu++20";
				CLANG_ENABLE_MODULES = YES;
				CLANG_ENABLE_OBJC_ARC = YES;
				CLANG_ENABLE_OBJC_WEAK = YES;
				CLANG_WARN_BLOCK_CAPTURE_AUTORELEASING = YES;
				CLANG_WARN_BOOL_CONVERSION = YES;
				CLANG_WARN_COMMA = YES;
				CLANG_WARN_CONSTANT_CONVERSION = YES;
				CLANG_WARN_DEPRECATED_OBJC_IMPLEMENTATIONS = YES;
				CLANG_WARN_DIRECT_OBJC_ISA_USAGE = YES_ERROR;
				CLANG_WARN_DOCUMENTATION_COMMENTS = YES;
				CLANG_WARN_EMPTY_BODY = YES;
				CLANG_WARN_ENUM_CONVERSION = YES;
				CLANG_WARN_INFINITE_RECURSION = YES;
				CLANG_WARN_INT_CONVERSION = YES;
				CLANG_WARN_NON_LITERAL_NULL_CONVERSION = YES;
				CLANG_WARN_OBJC_IMPLICIT_RETAIN_SELF = YES;
				CLANG_WARN_OBJC_LITERAL_CONVERSION = YES;
				CLANG_WARN_OBJC_ROOT_CLASS = YES_ERROR;
				CLANG_WARN_QUOTED_INCLUDE_IN_FRAMEWORK_HEADER = YES;
				CLANG_WARN_RANGE_LOOP_ANALYSIS = YES;
				CLANG_WARN_STRICT_PROTOTYPES = YES;
				CLANG_WARN_SUSPICIOUS_MOVE = YES;
				CLANG_WARN_UNGUARDED_AVAILABILITY = YES_AGGRESSIVE;
				CLANG_WARN_UNREACHABLE_CODE = YES;
				CLANG_WARN__DUPLICATE_METHOD_MATCH = YES;
				COPY_PHASE_STRIP = NO;
				DEBUG_INFORMATION_FORMAT = "dwarf-with-dsym";
				ENABLE_NS_ASSERTIONS = NO;
				ENABLE_STRICT_OBJC_MSGSEND = YES;
				ENABLE_USER_SCRIPT_SANDBOXING = NO;
				GCC_C_LANGUAGE_STANDARD = gnu17;
				GCC_NO_COMMON_BLOCKS = YES;
				GCC_WARN_64_TO_32_BIT_CONVERSION = YES;
				GCC_WARN_ABOUT_RETURN_TYPE = YES_ERROR;
				GCC_WARN_UNDECLARED_SELECTOR = YES;
				GCC_WARN_UNINITIALIZED_AUTOS = YES_AGGRESSIVE;
				GCC_WARN_UNUSED_FUNCTION = YES;
				GCC_WARN_UNUSED_VARIABLE = YES;
				IPHONEOS_DEPLOYMENT_TARGET = 17.0;
				LOCALIZATION_PREFERS_STRING_CATALOGS = YES;
				MTL_ENABLE_DEBUG_INFO = NO;
				MTL_FAST_MATH = YES;
				SDKROOT = iphoneos;
				SWIFT_COMPILATION_MODE = wholemodule;
				VALIDATE_PRODUCT = YES;
			};
			name = Release;
		};
		3FECF1FC2B0DEC2C00BB806F /* Debug */ = {
			isa = XCBuildConfiguration;
			baseConfigurationReference = CD0A53954011F036A5B457D8 /* Pods-TechnicalAssessment.debug.xcconfig */;
			buildSettings = {
				ASSETCATALOG_COMPILER_APPICON_NAME = AppIcon;
				ASSETCATALOG_COMPILER_GLOBAL_ACCENT_COLOR_NAME = AccentColor;
				CODE_SIGN_STYLE = Automatic;
				CURRENT_PROJECT_VERSION = 1;
				GENERATE_INFOPLIST_FILE = YES;
				INFOPLIST_FILE = TechnicalAssessment/Info.plist;
				INFOPLIST_KEY_UIApplicationSupportsIndirectInputEvents = YES;
				INFOPLIST_KEY_UILaunchStoryboardName = LaunchScreen;
				INFOPLIST_KEY_UIMainStoryboardFile = Main;
				INFOPLIST_KEY_UISupportedInterfaceOrientations_iPad = "UIInterfaceOrientationPortrait UIInterfaceOrientationPortraitUpsideDown UIInterfaceOrientationLandscapeLeft UIInterfaceOrientationLandscapeRight";
				INFOPLIST_KEY_UISupportedInterfaceOrientations_iPhone = "UIInterfaceOrientationPortrait UIInterfaceOrientationLandscapeLeft UIInterfaceOrientationLandscapeRight";
				LD_RUNPATH_SEARCH_PATHS = (
					"$(inherited)",
					"@executable_path/Frameworks",
				);
				MARKETING_VERSION = 1.0;
				PRODUCT_BUNDLE_IDENTIFIER = com.ninocastorico.TechnicalAssessment;
				PRODUCT_NAME = "$(TARGET_NAME)";
				SWIFT_EMIT_LOC_STRINGS = YES;
				SWIFT_VERSION = 5.0;
				TARGETED_DEVICE_FAMILY = "1,2";
			};
			name = Debug;
		};
		3FECF1FD2B0DEC2C00BB806F /* Release */ = {
			isa = XCBuildConfiguration;
			baseConfigurationReference = 467D616C3F3C63027991DFEA /* Pods-TechnicalAssessment.release.xcconfig */;
			buildSettings = {
				ASSETCATALOG_COMPILER_APPICON_NAME = AppIcon;
				ASSETCATALOG_COMPILER_GLOBAL_ACCENT_COLOR_NAME = AccentColor;
				CODE_SIGN_STYLE = Automatic;
				CURRENT_PROJECT_VERSION = 1;
				GENERATE_INFOPLIST_FILE = YES;
				INFOPLIST_FILE = TechnicalAssessment/Info.plist;
				INFOPLIST_KEY_UIApplicationSupportsIndirectInputEvents = YES;
				INFOPLIST_KEY_UILaunchStoryboardName = LaunchScreen;
				INFOPLIST_KEY_UIMainStoryboardFile = Main;
				INFOPLIST_KEY_UISupportedInterfaceOrientations_iPad = "UIInterfaceOrientationPortrait UIInterfaceOrientationPortraitUpsideDown UIInterfaceOrientationLandscapeLeft UIInterfaceOrientationLandscapeRight";
				INFOPLIST_KEY_UISupportedInterfaceOrientations_iPhone = "UIInterfaceOrientationPortrait UIInterfaceOrientationLandscapeLeft UIInterfaceOrientationLandscapeRight";
				LD_RUNPATH_SEARCH_PATHS = (
					"$(inherited)",
					"@executable_path/Frameworks",
				);
				MARKETING_VERSION = 1.0;
				PRODUCT_BUNDLE_IDENTIFIER = com.ninocastorico.TechnicalAssessment;
				PRODUCT_NAME = "$(TARGET_NAME)";
				SWIFT_EMIT_LOC_STRINGS = YES;
				SWIFT_VERSION = 5.0;
				TARGETED_DEVICE_FAMILY = "1,2";
			};
			name = Release;
		};
/* End XCBuildConfiguration section */

/* Begin XCConfigurationList section */
		3FECF1E22B0DEC2B00BB806F /* Build configuration list for PBXProject "TechnicalAssessment" */ = {
			isa = XCConfigurationList;
			buildConfigurations = (
				3FECF1F92B0DEC2C00BB806F /* Debug */,
				3FECF1FA2B0DEC2C00BB806F /* Release */,
			);
			defaultConfigurationIsVisible = 0;
			defaultConfigurationName = Release;
		};
		3FECF1FB2B0DEC2C00BB806F /* Build configuration list for PBXNativeTarget "TechnicalAssessment" */ = {
			isa = XCConfigurationList;
			buildConfigurations = (
				3FECF1FC2B0DEC2C00BB806F /* Debug */,
				3FECF1FD2B0DEC2C00BB806F /* Release */,
			);
			defaultConfigurationIsVisible = 0;
			defaultConfigurationName = Release;
		};
/* End XCConfigurationList section */
	};
	rootObject = 3FECF1DF2B0DEC2B00BB806F /* Project object */;
}
